// !$*UTF8*$!
{
	archiveVersion = 1;
	classes = {
	};
	objectVersion = 56;
	objects = {

/* Begin PBXBuildFile section */
		D1AAAE662B6D755700A1307A /* StrideWalkTracker.swift in Sources */ = {isa = PBXBuildFile; fileRef = D1AAAE652B6D755700A1307A /* StrideWalkTracker.swift */; };
		D1AAAE682B6D755700A1307A /* HomeView.swift in Sources */ = {isa = PBXBuildFile; fileRef = D1AAAE672B6D755700A1307A /* HomeView.swift */; };
		D1AAAE6A2B6D755800A1307A /* Assets.xcassets in Resources */ = {isa = PBXBuildFile; fileRef = D1AAAE692B6D755800A1307A /* Assets.xcassets */; };
		D1AAAE6D2B6D755800A1307A /* Preview Assets.xcassets in Resources */ = {isa = PBXBuildFile; fileRef = D1AAAE6C2B6D755800A1307A /* Preview Assets.xcassets */; };
		D1AAAE932B6D90C400A1307A /* Run.swift in Sources */ = {isa = PBXBuildFile; fileRef = D1AAAE922B6D90C400A1307A /* Run.swift */; };
		D1AAAE952B6D9A7800A1307A /* RouteCoordinates.swift in Sources */ = {isa = PBXBuildFile; fileRef = D1AAAE942B6D9A7800A1307A /* RouteCoordinates.swift */; };
		D1AAAE972B6D9D7E00A1307A /* LocationManager.swift in Sources */ = {isa = PBXBuildFile; fileRef = D1AAAE962B6D9D7E00A1307A /* LocationManager.swift */; };
		D1AAAE9E2B6DF0B800A1307A /* OnboardingView.swift in Sources */ = {isa = PBXBuildFile; fileRef = D1AAAE9D2B6DF0B800A1307A /* OnboardingView.swift */; };
		D1AAAEA02B6DF0C600A1307A /* OnboardingDetailView.swift in Sources */ = {isa = PBXBuildFile; fileRef = D1AAAE9F2B6DF0C600A1307A /* OnboardingDetailView.swift */; };
		D1AAAEA72B6EBCBA00A1307A /* Coordinates.swift in Sources */ = {isa = PBXBuildFile; fileRef = D1AAAEA62B6EBCBA00A1307A /* Coordinates.swift */; };
		D1AAAEA92B6EC10700A1307A /* MapView.swift in Sources */ = {isa = PBXBuildFile; fileRef = D1AAAEA82B6EC10700A1307A /* MapView.swift */; };
		D1AAAEAE2B6ED17D00A1307A /* RunView.swift in Sources */ = {isa = PBXBuildFile; fileRef = D1AAAEAD2B6ED17D00A1307A /* RunView.swift */; };
		D1AAAEB02B6ED18B00A1307A /* RunDetailView.swift in Sources */ = {isa = PBXBuildFile; fileRef = D1AAAEAF2B6ED18B00A1307A /* RunDetailView.swift */; };
		D1AAAEB22B6ED19C00A1307A /* RunListView.swift in Sources */ = {isa = PBXBuildFile; fileRef = D1AAAEB12B6ED19C00A1307A /* RunListView.swift */; };
/* End PBXBuildFile section */

/* Begin PBXFileReference section */
		D1AAAE622B6D755700A1307A /* RunTracker.app */ = {isa = PBXFileReference; explicitFileType = wrapper.application; includeInIndex = 0; path = RunTracker.app; sourceTree = BUILT_PRODUCTS_DIR; };
		D1AAAE652B6D755700A1307A /* StrideWalkTracker.swift */ = {isa = PBXFileReference; lastKnownFileType = sourcecode.swift; path = StrideWalkTracker.swift; sourceTree = "<group>"; };
		D1AAAE672B6D755700A1307A /* HomeView.swift */ = {isa = PBXFileReference; lastKnownFileType = sourcecode.swift; path = HomeView.swift; sourceTree = "<group>"; };
		D1AAAE692B6D755800A1307A /* Assets.xcassets */ = {isa = PBXFileReference; lastKnownFileType = folder.assetcatalog; path = Assets.xcassets; sourceTree = "<group>"; };
		D1AAAE6C2B6D755800A1307A /* Preview Assets.xcassets */ = {isa = PBXFileReference; lastKnownFileType = folder.assetcatalog; path = "Preview Assets.xcassets"; sourceTree = "<group>"; };
		D1AAAE922B6D90C400A1307A /* Run.swift */ = {isa = PBXFileReference; lastKnownFileType = sourcecode.swift; path = Run.swift; sourceTree = "<group>"; };
		D1AAAE942B6D9A7800A1307A /* RouteCoordinates.swift */ = {isa = PBXFileReference; lastKnownFileType = sourcecode.swift; path = RouteCoordinates.swift; sourceTree = "<group>"; };
		D1AAAE962B6D9D7E00A1307A /* LocationManager.swift */ = {isa = PBXFileReference; lastKnownFileType = sourcecode.swift; path = LocationManager.swift; sourceTree = "<group>"; };
		D1AAAE9D2B6DF0B800A1307A /* OnboardingView.swift */ = {isa = PBXFileReference; lastKnownFileType = sourcecode.swift; path = OnboardingView.swift; sourceTree = "<group>"; };
		D1AAAE9F2B6DF0C600A1307A /* OnboardingDetailView.swift */ = {isa = PBXFileReference; lastKnownFileType = sourcecode.swift; path = OnboardingDetailView.swift; sourceTree = "<group>"; };
		D1AAAEA32B6E180000A1307A /* Info.plist */ = {isa = PBXFileReference; lastKnownFileType = text.plist; path = Info.plist; sourceTree = "<group>"; };
		D1AAAEA62B6EBCBA00A1307A /* Coordinates.swift */ = {isa = PBXFileReference; lastKnownFileType = sourcecode.swift; path = Coordinates.swift; sourceTree = "<group>"; };
		D1AAAEA82B6EC10700A1307A /* MapView.swift */ = {isa = PBXFileReference; lastKnownFileType = sourcecode.swift; path = MapView.swift; sourceTree = "<group>"; };
		D1AAAEAD2B6ED17D00A1307A /* RunView.swift */ = {isa = PBXFileReference; lastKnownFileType = sourcecode.swift; path = RunView.swift; sourceTree = "<group>"; };
		D1AAAEAF2B6ED18B00A1307A /* RunDetailView.swift */ = {isa = PBXFileReference; lastKnownFileType = sourcecode.swift; path = RunDetailView.swift; sourceTree = "<group>"; };
		D1AAAEB12B6ED19C00A1307A /* RunListView.swift */ = {isa = PBXFileReference; lastKnownFileType = sourcecode.swift; path = RunListView.swift; sourceTree = "<group>"; };
/* End PBXFileReference section */

/* Begin PBXFrameworksBuildPhase section */
		D1AAAE5F2B6D755700A1307A /* Frameworks */ = {
			isa = PBXFrameworksBuildPhase;
			buildActionMask = 2147483647;
			files = (
			);
			runOnlyForDeploymentPostprocessing = 0;
		};
/* End PBXFrameworksBuildPhase section */

/* Begin PBXGroup section */
		D1AAAE592B6D755700A1307A = {
			isa = PBXGroup;
			children = (
				D1AAAE642B6D755700A1307A /* RunTracker */,
				D1AAAE632B6D755700A1307A /* Products */,
			);
			sourceTree = "<group>";
		};
		D1AAAE632B6D755700A1307A /* Products */ = {
			isa = PBXGroup;
			children = (
				D1AAAE622B6D755700A1307A /* RunTracker.app */,
			);
			name = Products;
			sourceTree = "<group>";
		};
		D1AAAE642B6D755700A1307A /* RunTracker */ = {
			isa = PBXGroup;
			children = (
				D1AAAEA32B6E180000A1307A /* Info.plist */,
				D1AAAE652B6D755700A1307A /* StrideWalkTracker.swift */,
				D1AAAE8D2B6D904800A1307A /* Model */,
				D1AAAE692B6D755800A1307A /* Assets.xcassets */,
				D1AAAE6B2B6D755800A1307A /* Preview Content */,
			);
			path = RunTracker;
			sourceTree = "<group>";
		};
		D1AAAE6B2B6D755800A1307A /* Preview Content */ = {
			isa = PBXGroup;
			children = (
				D1AAAE6C2B6D755800A1307A /* Preview Assets.xcassets */,
			);
			path = "Preview Content";
			sourceTree = "<group>";
		};
		D1AAAE8D2B6D904800A1307A /* Model */ = {
			isa = PBXGroup;
			children = (
				D1AAAE922B6D90C400A1307A /* Run.swift */,
				D1AAAE942B6D9A7800A1307A /* RouteCoordinates.swift */,
				D1AAAEA62B6EBCBA00A1307A /* Coordinates.swift */,
				D1AAAE962B6D9D7E00A1307A /* LocationManager.swift */,
				D1AAAE982B6DEFDC00A1307A /* Views */,
			);
			path = Model;
			sourceTree = "<group>";
		};
		D1AAAE982B6DEFDC00A1307A /* Views */ = {
			isa = PBXGroup;
			children = (
				D1AAAE672B6D755700A1307A /* HomeView.swift */,
				D1AAAE9C2B6DF05000A1307A /* Onboarding */,
				D1AAAEAC2B6EC14500A1307A /* MapView */,
				D1AAAEA42B6EA6C900A1307A /* RunView */,
			);
			path = Views;
			sourceTree = "<group>";
		};
		D1AAAE9C2B6DF05000A1307A /* Onboarding */ = {
			isa = PBXGroup;
			children = (
				D1AAAE9D2B6DF0B800A1307A /* OnboardingView.swift */,
				D1AAAE9F2B6DF0C600A1307A /* OnboardingDetailView.swift */,
			);
			path = Onboarding;
			sourceTree = "<group>";
		};
		D1AAAEA42B6EA6C900A1307A /* RunView */ = {
			isa = PBXGroup;
			children = (
				D1AAAEAD2B6ED17D00A1307A /* RunView.swift */,
				D1AAAEB12B6ED19C00A1307A /* RunListView.swift */,
				D1AAAEAF2B6ED18B00A1307A /* RunDetailView.swift */,
			);
			path = RunView;
			sourceTree = "<group>";
		};
		D1AAAEAC2B6EC14500A1307A /* MapView */ = {
			isa = PBXGroup;
			children = (
				D1AAAEA82B6EC10700A1307A /* MapView.swift */,
			);
			path = MapView;
			sourceTree = "<group>";
		};
/* End PBXGroup section */

/* Begin PBXNativeTarget section */
		D1AAAE612B6D755700A1307A /* RunTracker */ = {
			isa = PBXNativeTarget;
			buildConfigurationList = D1AAAE702B6D755800A1307A /* Build configuration list for PBXNativeTarget "RunTracker" */;
			buildPhases = (
				D1AAAE5E2B6D755700A1307A /* Sources */,
				D1AAAE5F2B6D755700A1307A /* Frameworks */,
				D1AAAE602B6D755700A1307A /* Resources */,
			);
			buildRules = (
			);
			dependencies = (
			);
			name = RunTracker;
			productName = RunTracker;
			productReference = D1AAAE622B6D755700A1307A /* RunTracker.app */;
			productType = "com.apple.product-type.application";
		};
/* End PBXNativeTarget section */

/* Begin PBXProject section */
		D1AAAE5A2B6D755700A1307A /* Project object */ = {
			isa = PBXProject;
			attributes = {
				BuildIndependentTargetsInParallel = 1;
				LastSwiftUpdateCheck = 1500;
				LastUpgradeCheck = 1500;
				TargetAttributes = {
					D1AAAE612B6D755700A1307A = {
						CreatedOnToolsVersion = 15.0.1;
					};
				};
			};
			buildConfigurationList = D1AAAE5D2B6D755700A1307A /* Build configuration list for PBXProject "RunTracker" */;
			compatibilityVersion = "Xcode 14.0";
			developmentRegion = en;
			hasScannedForEncodings = 0;
			knownRegions = (
				en,
				Base,
			);
			mainGroup = D1AAAE592B6D755700A1307A;
			productRefGroup = D1AAAE632B6D755700A1307A /* Products */;
			projectDirPath = "";
			projectRoot = "";
			targets = (
				D1AAAE612B6D755700A1307A /* RunTracker */,
			);
		};
/* End PBXProject section */

/* Begin PBXResourcesBuildPhase section */
		D1AAAE602B6D755700A1307A /* Resources */ = {
			isa = PBXResourcesBuildPhase;
			buildActionMask = 2147483647;
			files = (
				D1AAAE6D2B6D755800A1307A /* Preview Assets.xcassets in Resources */,
				D1AAAE6A2B6D755800A1307A /* Assets.xcassets in Resources */,
			);
			runOnlyForDeploymentPostprocessing = 0;
		};
/* End PBXResourcesBuildPhase section */

/* Begin PBXSourcesBuildPhase section */
		D1AAAE5E2B6D755700A1307A /* Sources */ = {
			isa = PBXSourcesBuildPhase;
			buildActionMask = 2147483647;
			files = (
				D1AAAEB22B6ED19C00A1307A /* RunListView.swift in Sources */,
				D1AAAE932B6D90C400A1307A /* Run.swift in Sources */,
				D1AAAE682B6D755700A1307A /* HomeView.swift in Sources */,
				D1AAAE972B6D9D7E00A1307A /* LocationManager.swift in Sources */,
				D1AAAE662B6D755700A1307A /* StrideWalkTracker.swift in Sources */,
				D1AAAEA72B6EBCBA00A1307A /* Coordinates.swift in Sources */,
				D1AAAE952B6D9A7800A1307A /* RouteCoordinates.swift in Sources */,
				D1AAAEAE2B6ED17D00A1307A /* RunView.swift in Sources */,
				D1AAAEA92B6EC10700A1307A /* MapView.swift in Sources */,
				D1AAAEA02B6DF0C600A1307A /* OnboardingDetailView.swift in Sources */,
				D1AAAE9E2B6DF0B800A1307A /* OnboardingView.swift in Sources */,
				D1AAAEB02B6ED18B00A1307A /* RunDetailView.swift in Sources */,
			);
			runOnlyForDeploymentPostprocessing = 0;
		};
/* End PBXSourcesBuildPhase section */

/* Begin XCBuildConfiguration section */
		D1AAAE6E2B6D755800A1307A /* Debug */ = {
			isa = XCBuildConfiguration;
			buildSettings = {
				ALWAYS_SEARCH_USER_PATHS = NO;
				ASSETCATALOG_COMPILER_GENERATE_SWIFT_ASSET_SYMBOL_EXTENSIONS = YES;
				CLANG_ANALYZER_NONNULL = YES;
				CLANG_ANALYZER_NUMBER_OBJECT_CONVERSION = YES_AGGRESSIVE;
				CLANG_CXX_LANGUAGE_STANDARD = "gnu++20";
				CLANG_ENABLE_MODULES = YES;
				CLANG_ENABLE_OBJC_ARC = YES;
				CLANG_ENABLE_OBJC_WEAK = YES;
				CLANG_WARN_BLOCK_CAPTURE_AUTORELEASING = YES;
				CLANG_WARN_BOOL_CONVERSION = YES;
				CLANG_WARN_COMMA = YES;
				CLANG_WARN_CONSTANT_CONVERSION = YES;
				CLANG_WARN_DEPRECATED_OBJC_IMPLEMENTATIONS = YES;
				CLANG_WARN_DIRECT_OBJC_ISA_USAGE = YES_ERROR;
				CLANG_WARN_DOCUMENTATION_COMMENTS = YES;
				CLANG_WARN_EMPTY_BODY = YES;
				CLANG_WARN_ENUM_CONVERSION = YES;
				CLANG_WARN_INFINITE_RECURSION = YES;
				CLANG_WARN_INT_CONVERSION = YES;
				CLANG_WARN_NON_LITERAL_NULL_CONVERSION = YES;
				CLANG_WARN_OBJC_IMPLICIT_RETAIN_SELF = YES;
				CLANG_WARN_OBJC_LITERAL_CONVERSION = YES;
				CLANG_WARN_OBJC_ROOT_CLASS = YES_ERROR;
				CLANG_WARN_QUOTED_INCLUDE_IN_FRAMEWORK_HEADER = YES;
				CLANG_WARN_RANGE_LOOP_ANALYSIS = YES;
				CLANG_WARN_STRICT_PROTOTYPES = YES;
				CLANG_WARN_SUSPICIOUS_MOVE = YES;
				CLANG_WARN_UNGUARDED_AVAILABILITY = YES_AGGRESSIVE;
				CLANG_WARN_UNREACHABLE_CODE = YES;
				CLANG_WARN__DUPLICATE_METHOD_MATCH = YES;
				COPY_PHASE_STRIP = NO;
				DEBUG_INFORMATION_FORMAT = dwarf;
				ENABLE_STRICT_OBJC_MSGSEND = YES;
				ENABLE_TESTABILITY = YES;
				ENABLE_USER_SCRIPT_SANDBOXING = YES;
				GCC_C_LANGUAGE_STANDARD = gnu17;
				GCC_DYNAMIC_NO_PIC = NO;
				GCC_NO_COMMON_BLOCKS = YES;
				GCC_OPTIMIZATION_LEVEL = 0;
				GCC_PREPROCESSOR_DEFINITIONS = (
					"DEBUG=1",
					"$(inherited)",
				);
				GCC_WARN_64_TO_32_BIT_CONVERSION = YES;
				GCC_WARN_ABOUT_RETURN_TYPE = YES_ERROR;
				GCC_WARN_UNDECLARED_SELECTOR = YES;
				GCC_WARN_UNINITIALIZED_AUTOS = YES_AGGRESSIVE;
				GCC_WARN_UNUSED_FUNCTION = YES;
				GCC_WARN_UNUSED_VARIABLE = YES;
				IPHONEOS_DEPLOYMENT_TARGET = 17.0;
				LOCALIZATION_PREFERS_STRING_CATALOGS = YES;
				MTL_ENABLE_DEBUG_INFO = INCLUDE_SOURCE;
				MTL_FAST_MATH = YES;
				ONLY_ACTIVE_ARCH = YES;
				SDKROOT = iphoneos;
				SWIFT_ACTIVE_COMPILATION_CONDITIONS = "DEBUG $(inherited)";
				SWIFT_OPTIMIZATION_LEVEL = "-Onone";
			};
			name = Debug;
		};
		D1AAAE6F2B6D755800A1307A /* Release */ = {
			isa = XCBuildConfiguration;
			buildSettings = {
				ALWAYS_SEARCH_USER_PATHS = NO;
				ASSETCATALOG_COMPILER_GENERATE_SWIFT_ASSET_SYMBOL_EXTENSIONS = YES;
				CLANG_ANALYZER_NONNULL = YES;
				CLANG_ANALYZER_NUMBER_OBJECT_CONVERSION = YES_AGGRESSIVE;
				CLANG_CXX_LANGUAGE_STANDARD = "gnu++20";
				CLANG_ENABLE_MODULES = YES;
				CLANG_ENABLE_OBJC_ARC = YES;
				CLANG_ENABLE_OBJC_WEAK = YES;
				CLANG_WARN_BLOCK_CAPTURE_AUTORELEASING = YES;
				CLANG_WARN_BOOL_CONVERSION = YES;
				CLANG_WARN_COMMA = YES;
				CLANG_WARN_CONSTANT_CONVERSION = YES;
				CLANG_WARN_DEPRECATED_OBJC_IMPLEMENTATIONS = YES;
				CLANG_WARN_DIRECT_OBJC_ISA_USAGE = YES_ERROR;
				CLANG_WARN_DOCUMENTATION_COMMENTS = YES;
				CLANG_WARN_EMPTY_BODY = YES;
				CLANG_WARN_ENUM_CONVERSION = YES;
				CLANG_WARN_INFINITE_RECURSION = YES;
				CLANG_WARN_INT_CONVERSION = YES;
				CLANG_WARN_NON_LITERAL_NULL_CONVERSION = YES;
				CLANG_WARN_OBJC_IMPLICIT_RETAIN_SELF = YES;
				CLANG_WARN_OBJC_LITERAL_CONVERSION = YES;
				CLANG_WARN_OBJC_ROOT_CLASS = YES_ERROR;
				CLANG_WARN_QUOTED_INCLUDE_IN_FRAMEWORK_HEADER = YES;
				CLANG_WARN_RANGE_LOOP_ANALYSIS = YES;
				CLANG_WARN_STRICT_PROTOTYPES = YES;
				CLANG_WARN_SUSPICIOUS_MOVE = YES;
				CLANG_WARN_UNGUARDED_AVAILABILITY = YES_AGGRESSIVE;
				CLANG_WARN_UNREACHABLE_CODE = YES;
				CLANG_WARN__DUPLICATE_METHOD_MATCH = YES;
				COPY_PHASE_STRIP = NO;
				DEBUG_INFORMATION_FORMAT = "dwarf-with-dsym";
				ENABLE_NS_ASSERTIONS = NO;
				ENABLE_STRICT_OBJC_MSGSEND = YES;
				ENABLE_USER_SCRIPT_SANDBOXING = YES;
				GCC_C_LANGUAGE_STANDARD = gnu17;
				GCC_NO_COMMON_BLOCKS = YES;
				GCC_WARN_64_TO_32_BIT_CONVERSION = YES;
				GCC_WARN_ABOUT_RETURN_TYPE = YES_ERROR;
				GCC_WARN_UNDECLARED_SELECTOR = YES;
				GCC_WARN_UNINITIALIZED_AUTOS = YES_AGGRESSIVE;
				GCC_WARN_UNUSED_FUNCTION = YES;
				GCC_WARN_UNUSED_VARIABLE = YES;
				IPHONEOS_DEPLOYMENT_TARGET = 17.0;
				LOCALIZATION_PREFERS_STRING_CATALOGS = YES;
				MTL_ENABLE_DEBUG_INFO = NO;
				MTL_FAST_MATH = YES;
				SDKROOT = iphoneos;
				SWIFT_COMPILATION_MODE = wholemodule;
				VALIDATE_PRODUCT = YES;
			};
			name = Release;
		};
		D1AAAE712B6D755800A1307A /* Debug */ = {
			isa = XCBuildConfiguration;
			buildSettings = {
				ASSETCATALOG_COMPILER_APPICON_NAME = AppIcon;
				ASSETCATALOG_COMPILER_GLOBAL_ACCENT_COLOR_NAME = AccentColor;
				CODE_SIGN_STYLE = Automatic;
				CURRENT_PROJECT_VERSION = 1;
				DEVELOPMENT_ASSET_PATHS = "\"RunTracker/Preview Content\"";
				DEVELOPMENT_TEAM = S643LW5WV7;
				ENABLE_PREVIEWS = YES;
				GENERATE_INFOPLIST_FILE = YES;
				INFOPLIST_FILE = RunTracker/Info.plist;
				INFOPLIST_KEY_NSLocationWhenInUseUsageDescription = "This app would like your location to track your runs";
				INFOPLIST_KEY_UIApplicationSceneManifest_Generation = YES;
				INFOPLIST_KEY_UIApplicationSupportsIndirectInputEvents = YES;
				INFOPLIST_KEY_UILaunchScreen_Generation = YES;
				INFOPLIST_KEY_UISupportedInterfaceOrientations_iPad = "UIInterfaceOrientationPortrait UIInterfaceOrientationPortraitUpsideDown UIInterfaceOrientationLandscapeLeft UIInterfaceOrientationLandscapeRight";
				INFOPLIST_KEY_UISupportedInterfaceOrientations_iPhone = "UIInterfaceOrientationPortrait UIInterfaceOrientationLandscapeLeft UIInterfaceOrientationLandscapeRight";
				LD_RUNPATH_SEARCH_PATHS = (
					"$(inherited)",
					"@executable_path/Frameworks",
				);
				MARKETING_VERSION = 1.0;
				PRODUCT_BUNDLE_IDENTIFIER = com.wilsonchan.RunTracker;
				PRODUCT_NAME = "$(TARGET_NAME)";
				SUPPORTED_PLATFORMS = "iphoneos iphonesimulator";
				SUPPORTS_MACCATALYST = NO;
				SUPPORTS_MAC_DESIGNED_FOR_IPHONE_IPAD = NO;
				SWIFT_EMIT_LOC_STRINGS = YES;
				SWIFT_VERSION = 5.0;
				TARGETED_DEVICE_FAMILY = 1;
			};
			name = Debug;
		};
		D1AAAE722B6D755800A1307A /* Release */ = {
			isa = XCBuildConfiguration;
			buildSettings = {
				ASSETCATALOG_COMPILER_APPICON_NAME = AppIcon;
				ASSETCATALOG_COMPILER_GLOBAL_ACCENT_COLOR_NAME = AccentColor;
				CODE_SIGN_STYLE = Automatic;
				CURRENT_PROJECT_VERSION = 1;
				DEVELOPMENT_ASSET_PATHS = "\"RunTracker/Preview Content\"";
				DEVELOPMENT_TEAM = S643LW5WV7;
				ENABLE_PREVIEWS = YES;
				GENERATE_INFOPLIST_FILE = YES;
				INFOPLIST_FILE = RunTracker/Info.plist;
				INFOPLIST_KEY_NSLocationWhenInUseUsageDescription = "This app would like your location to track your runs";
				INFOPLIST_KEY_UIApplicationSceneManifest_Generation = YES;
				INFOPLIST_KEY_UIApplicationSupportsIndirectInputEvents = YES;
				INFOPLIST_KEY_UILaunchScreen_Generation = YES;
				INFOPLIST_KEY_UISupportedInterfaceOrientations_iPad = "UIInterfaceOrientationPortrait UIInterfaceOrientationPortraitUpsideDown UIInterfaceOrientationLandscapeLeft UIInterfaceOrientationLandscapeRight";
				INFOPLIST_KEY_UISupportedInterfaceOrientations_iPhone = "UIInterfaceOrientationPortrait UIInterfaceOrientationLandscapeLeft UIInterfaceOrientationLandscapeRight";
				LD_RUNPATH_SEARCH_PATHS = (
					"$(inherited)",
					"@executable_path/Frameworks",
				);
				MARKETING_VERSION = 1.0;
				PRODUCT_BUNDLE_IDENTIFIER = com.wilsonchan.RunTracker;
				PRODUCT_NAME = "$(TARGET_NAME)";
				SUPPORTED_PLATFORMS = "iphoneos iphonesimulator";
				SUPPORTS_MACCATALYST = NO;
				SUPPORTS_MAC_DESIGNED_FOR_IPHONE_IPAD = NO;
				SWIFT_EMIT_LOC_STRINGS = YES;
				SWIFT_VERSION = 5.0;
				TARGETED_DEVICE_FAMILY = 1;
			};
			name = Release;
		};
/* End XCBuildConfiguration section */

/* Begin XCConfigurationList section */
		D1AAAE5D2B6D755700A1307A /* Build configuration list for PBXProject "RunTracker" */ = {
			isa = XCConfigurationList;
			buildConfigurations = (
				D1AAAE6E2B6D755800A1307A /* Debug */,
				D1AAAE6F2B6D755800A1307A /* Release */,
			);
			defaultConfigurationIsVisible = 0;
			defaultConfigurationName = Release;
		};
		D1AAAE702B6D755800A1307A /* Build configuration list for PBXNativeTarget "RunTracker" */ = {
			isa = XCConfigurationList;
			buildConfigurations = (
				D1AAAE712B6D755800A1307A /* Debug */,
				D1AAAE722B6D755800A1307A /* Release */,
			);
			defaultConfigurationIsVisible = 0;
			defaultConfigurationName = Release;
		};
/* End XCConfigurationList section */
	};
	rootObject = D1AAAE5A2B6D755700A1307A /* Project object */;
}
